// !$*UTF8*$!
{
	archiveVersion = 1;
	classes = {
	};
	objectVersion = 46;
	objects = {

/* Begin PBXBuildFile section */
		CDB5036E1D918F5900FC1852 /* main.m in Sources */ = {isa = PBXBuildFile; fileRef = CDB5036D1D918F5900FC1852 /* main.m */; };
		CDB503711D918F5900FC1852 /* AppDelegate.m in Sources */ = {isa = PBXBuildFile; fileRef = CDB503701D918F5900FC1852 /* AppDelegate.m */; };
		CDB503741D918F5900FC1852 /* ViewController.m in Sources */ = {isa = PBXBuildFile; fileRef = CDB503731D918F5900FC1852 /* ViewController.m */; };
		CDB503771D918F5900FC1852 /* Main.storyboard in Resources */ = {isa = PBXBuildFile; fileRef = CDB503751D918F5900FC1852 /* Main.storyboard */; };
		CDB503791D918F5900FC1852 /* Assets.xcassets in Resources */ = {isa = PBXBuildFile; fileRef = CDB503781D918F5900FC1852 /* Assets.xcassets */; };
		CDB5037C1D918F5900FC1852 /* LaunchScreen.storyboard in Resources */ = {isa = PBXBuildFile; fileRef = CDB5037A1D918F5900FC1852 /* LaunchScreen.storyboard */; };
		CDB503871D918F5900FC1852 /* ZJSpeedTestDemoTests.m in Sources */ = {isa = PBXBuildFile; fileRef = CDB503861D918F5900FC1852 /* ZJSpeedTestDemoTests.m */; };
		CDB503991D918FF300FC1852 /* ZJSpeedTest.m in Sources */ = {isa = PBXBuildFile; fileRef = CDB503981D918FF300FC1852 /* ZJSpeedTest.m */; };
/* End PBXBuildFile section */

/* Begin PBXContainerItemProxy section */
		CDB503831D918F5900FC1852 /* PBXContainerItemProxy */ = {
			isa = PBXContainerItemProxy;
			containerPortal = CDB503611D918F5900FC1852 /* Project object */;
			proxyType = 1;
			remoteGlobalIDString = CDB503681D918F5900FC1852;
			remoteInfo = ZJSpeedTestDemo;
		};
/* End PBXContainerItemProxy section */

/* Begin PBXFileReference section */
		CDB503691D918F5900FC1852 /* ZJSpeedTestDemo.app */ = {isa = PBXFileReference; explicitFileType = wrapper.application; includeInIndex = 0; path = ZJSpeedTestDemo.app; sourceTree = BUILT_PRODUCTS_DIR; };
		CDB5036D1D918F5900FC1852 /* main.m */ = {isa = PBXFileReference; lastKnownFileType = sourcecode.c.objc; path = main.m; sourceTree = "<group>"; };
		CDB5036F1D918F5900FC1852 /* AppDelegate.h */ = {isa = PBXFileReference; lastKnownFileType = sourcecode.c.h; path = AppDelegate.h; sourceTree = "<group>"; };
		CDB503701D918F5900FC1852 /* AppDelegate.m */ = {isa = PBXFileReference; lastKnownFileType = sourcecode.c.objc; path = AppDelegate.m; sourceTree = "<group>"; };
		CDB503721D918F5900FC1852 /* ViewController.h */ = {isa = PBXFileReference; lastKnownFileType = sourcecode.c.h; path = ViewController.h; sourceTree = "<group>"; };
		CDB503731D918F5900FC1852 /* ViewController.m */ = {isa = PBXFileReference; lastKnownFileType = sourcecode.c.objc; path = ViewController.m; sourceTree = "<group>"; };
		CDB503761D918F5900FC1852 /* Base */ = {isa = PBXFileReference; lastKnownFileType = file.storyboard; name = Base; path = Base.lproj/Main.storyboard; sourceTree = "<group>"; };
		CDB503781D918F5900FC1852 /* Assets.xcassets */ = {isa = PBXFileReference; lastKnownFileType = folder.assetcatalog; path = Assets.xcassets; sourceTree = "<group>"; };
		CDB5037B1D918F5900FC1852 /* Base */ = {isa = PBXFileReference; lastKnownFileType = file.storyboard; name = Base; path = Base.lproj/LaunchScreen.storyboard; sourceTree = "<group>"; };
		CDB5037D1D918F5900FC1852 /* Info.plist */ = {isa = PBXFileReference; lastKnownFileType = text.plist.xml; path = Info.plist; sourceTree = "<group>"; };
		CDB503821D918F5900FC1852 /* ZJSpeedTestDemoTests.xctest */ = {isa = PBXFileReference; explicitFileType = wrapper.cfbundle; includeInIndex = 0; path = ZJSpeedTestDemoTests.xctest; sourceTree = BUILT_PRODUCTS_DIR; };
		CDB503861D918F5900FC1852 /* ZJSpeedTestDemoTests.m */ = {isa = PBXFileReference; lastKnownFileType = sourcecode.c.objc; path = ZJSpeedTestDemoTests.m; sourceTree = "<group>"; };
		CDB503881D918F5900FC1852 /* Info.plist */ = {isa = PBXFileReference; lastKnownFileType = text.plist.xml; path = Info.plist; sourceTree = "<group>"; };
		CDB503971D918FF300FC1852 /* ZJSpeedTest.h */ = {isa = PBXFileReference; fileEncoding = 4; lastKnownFileType = sourcecode.c.h; path = ZJSpeedTest.h; sourceTree = "<group>"; };
		CDB503981D918FF300FC1852 /* ZJSpeedTest.m */ = {isa = PBXFileReference; fileEncoding = 4; lastKnownFileType = sourcecode.c.objc; path = ZJSpeedTest.m; sourceTree = "<group>"; };
/* End PBXFileReference section */

/* Begin PBXFrameworksBuildPhase section */
		CDB503661D918F5900FC1852 /* Frameworks */ = {
			isa = PBXFrameworksBuildPhase;
			buildActionMask = 2147483647;
			files = (
			);
			runOnlyForDeploymentPostprocessing = 0;
		};
		CDB5037F1D918F5900FC1852 /* Frameworks */ = {
			isa = PBXFrameworksBuildPhase;
			buildActionMask = 2147483647;
			files = (
			);
			runOnlyForDeploymentPostprocessing = 0;
		};
/* End PBXFrameworksBuildPhase section */

/* Begin PBXGroup section */
		CDB503601D918F5900FC1852 = {
			isa = PBXGroup;
			children = (
				CDB5036B1D918F5900FC1852 /* ZJSpeedTestDemo */,
				CDB503851D918F5900FC1852 /* ZJSpeedTestDemoTests */,
				CDB5036A1D918F5900FC1852 /* Products */,
			);
			sourceTree = "<group>";
		};
		CDB5036A1D918F5900FC1852 /* Products */ = {
			isa = PBXGroup;
			children = (
				CDB503691D918F5900FC1852 /* ZJSpeedTestDemo.app */,
				CDB503821D918F5900FC1852 /* ZJSpeedTestDemoTests.xctest */,
			);
			name = Products;
			sourceTree = "<group>";
		};
		CDB5036B1D918F5900FC1852 /* ZJSpeedTestDemo */ = {
			isa = PBXGroup;
			children = (
				CDB503961D918FCA00FC1852 /* Source */,
				CDB5036F1D918F5900FC1852 /* AppDelegate.h */,
				CDB503701D918F5900FC1852 /* AppDelegate.m */,
				CDB503721D918F5900FC1852 /* ViewController.h */,
				CDB503731D918F5900FC1852 /* ViewController.m */,
				CDB503751D918F5900FC1852 /* Main.storyboard */,
				CDB503781D918F5900FC1852 /* Assets.xcassets */,
				CDB5037A1D918F5900FC1852 /* LaunchScreen.storyboard */,
				CDB5037D1D918F5900FC1852 /* Info.plist */,
				CDB5036C1D918F5900FC1852 /* Supporting Files */,
			);
			path = ZJSpeedTestDemo;
			sourceTree = "<group>";
		};
		CDB5036C1D918F5900FC1852 /* Supporting Files */ = {
			isa = PBXGroup;
			children = (
				CDB5036D1D918F5900FC1852 /* main.m */,
			);
			name = "Supporting Files";
			sourceTree = "<group>";
		};
		CDB503851D918F5900FC1852 /* ZJSpeedTestDemoTests */ = {
			isa = PBXGroup;
			children = (
				CDB503861D918F5900FC1852 /* ZJSpeedTestDemoTests.m */,
				CDB503881D918F5900FC1852 /* Info.plist */,
			);
			path = ZJSpeedTestDemoTests;
			sourceTree = "<group>";
		};
		CDB503961D918FCA00FC1852 /* Source */ = {
			isa = PBXGroup;
			children = (
				CDB503971D918FF300FC1852 /* ZJSpeedTest.h */,
				CDB503981D918FF300FC1852 /* ZJSpeedTest.m */,
			);
			path = Source;
			sourceTree = "<group>";
		};
/* End PBXGroup section */

/* Begin PBXNativeTarget section */
		CDB503681D918F5900FC1852 /* ZJSpeedTestDemo */ = {
			isa = PBXNativeTarget;
			buildConfigurationList = CDB5038B1D918F5900FC1852 /* Build configuration list for PBXNativeTarget "ZJSpeedTestDemo" */;
			buildPhases = (
				CDB503651D918F5900FC1852 /* Sources */,
				CDB503661D918F5900FC1852 /* Frameworks */,
				CDB503671D918F5900FC1852 /* Resources */,
			);
			buildRules = (
			);
			dependencies = (
			);
			name = ZJSpeedTestDemo;
			productName = ZJSpeedTestDemo;
			productReference = CDB503691D918F5900FC1852 /* ZJSpeedTestDemo.app */;
			productType = "com.apple.product-type.application";
		};
		CDB503811D918F5900FC1852 /* ZJSpeedTestDemoTests */ = {
			isa = PBXNativeTarget;
			buildConfigurationList = CDB5038E1D918F5900FC1852 /* Build configuration list for PBXNativeTarget "ZJSpeedTestDemoTests" */;
			buildPhases = (
				CDB5037E1D918F5900FC1852 /* Sources */,
				CDB5037F1D918F5900FC1852 /* Frameworks */,
				CDB503801D918F5900FC1852 /* Resources */,
			);
			buildRules = (
			);
			dependencies = (
				CDB503841D918F5900FC1852 /* PBXTargetDependency */,
			);
			name = ZJSpeedTestDemoTests;
			productName = ZJSpeedTestDemoTests;
			productReference = CDB503821D918F5900FC1852 /* ZJSpeedTestDemoTests.xctest */;
			productType = "com.apple.product-type.bundle.unit-test";
		};
/* End PBXNativeTarget section */

/* Begin PBXProject section */
		CDB503611D918F5900FC1852 /* Project object */ = {
			isa = PBXProject;
			attributes = {
				LastUpgradeCheck = 0730;
				ORGANIZATIONNAME = "余志杰";
				TargetAttributes = {
					CDB503681D918F5900FC1852 = {
						CreatedOnToolsVersion = 7.3.1;
					};
					CDB503811D918F5900FC1852 = {
						CreatedOnToolsVersion = 7.3.1;
						TestTargetID = CDB503681D918F5900FC1852;
					};
				};
			};
			buildConfigurationList = CDB503641D918F5900FC1852 /* Build configuration list for PBXProject "ZJSpeedTestDemo" */;
			compatibilityVersion = "Xcode 3.2";
			developmentRegion = English;
			hasScannedForEncodings = 0;
			knownRegions = (
				en,
				Base,
			);
			mainGroup = CDB503601D918F5900FC1852;
			productRefGroup = CDB5036A1D918F5900FC1852 /* Products */;
			projectDirPath = "";
			projectRoot = "";
			targets = (
				CDB503681D918F5900FC1852 /* ZJSpeedTestDemo */,
				CDB503811D918F5900FC1852 /* ZJSpeedTestDemoTests */,
			);
		};
/* End PBXProject section */

/* Begin PBXResourcesBuildPhase section */
		CDB503671D918F5900FC1852 /* Resources */ = {
			isa = PBXResourcesBuildPhase;
			buildActionMask = 2147483647;
			files = (
				CDB5037C1D918F5900FC1852 /* LaunchScreen.storyboard in Resources */,
				CDB503791D918F5900FC1852 /* Assets.xcassets in Resources */,
				CDB503771D918F5900FC1852 /* Main.storyboard in Resources */,
			);
			runOnlyForDeploymentPostprocessing = 0;
		};
		CDB503801D918F5900FC1852 /* Resources */ = {
			isa = PBXResourcesBuildPhase;
			buildActionMask = 2147483647;
			files = (
			);
			runOnlyForDeploymentPostprocessing = 0;
		};
/* End PBXResourcesBuildPhase section */

/* Begin PBXSourcesBuildPhase section */
		CDB503651D918F5900FC1852 /* Sources */ = {
			isa = PBXSourcesBuildPhase;
			buildActionMask = 2147483647;
			files = (
				CDB503741D918F5900FC1852 /* ViewController.m in Sources */,
				CDB503711D918F5900FC1852 /* AppDelegate.m in Sources */,
				CDB503991D918FF300FC1852 /* ZJSpeedTest.m in Sources */,
				CDB5036E1D918F5900FC1852 /* main.m in Sources */,
			);
			runOnlyForDeploymentPostprocessing = 0;
		};
		CDB5037E1D918F5900FC1852 /* Sources */ = {
			isa = PBXSourcesBuildPhase;
			buildActionMask = 2147483647;
			files = (
				CDB503871D918F5900FC1852 /* ZJSpeedTestDemoTests.m in Sources */,
			);
			runOnlyForDeploymentPostprocessing = 0;
		};
/* End PBXSourcesBuildPhase section */

/* Begin PBXTargetDependency section */
		CDB503841D918F5900FC1852 /* PBXTargetDependency */ = {
			isa = PBXTargetDependency;
			target = CDB503681D918F5900FC1852 /* ZJSpeedTestDemo */;
			targetProxy = CDB503831D918F5900FC1852 /* PBXContainerItemProxy */;
		};
/* End PBXTargetDependency section */

/* Begin PBXVariantGroup section */
		CDB503751D918F5900FC1852 /* Main.storyboard */ = {
			isa = PBXVariantGroup;
			children = (
				CDB503761D918F5900FC1852 /* Base */,
			);
			name = Main.storyboard;
			sourceTree = "<group>";
		};
		CDB5037A1D918F5900FC1852 /* LaunchScreen.storyboard */ = {
			isa = PBXVariantGroup;
			children = (
				CDB5037B1D918F5900FC1852 /* Base */,
			);
			name = LaunchScreen.storyboard;
			sourceTree = "<group>";
		};
/* End PBXVariantGroup section */

/* Begin XCBuildConfiguration section */
		CDB503891D918F5900FC1852 /* Debug */ = {
			isa = XCBuildConfiguration;
			buildSettings = {
				ALWAYS_SEARCH_USER_PATHS = NO;
				CLANG_ANALYZER_NONNULL = YES;
				CLANG_CXX_LANGUAGE_STANDARD = "gnu++0x";
				CLANG_CXX_LIBRARY = "libc++";
				CLANG_ENABLE_MODULES = YES;
				CLANG_ENABLE_OBJC_ARC = YES;
				CLANG_WARN_BOOL_CONVERSION = YES;
				CLANG_WARN_CONSTANT_CONVERSION = YES;
				CLANG_WARN_DIRECT_OBJC_ISA_USAGE = YES_ERROR;
				CLANG_WARN_EMPTY_BODY = YES;
				CLANG_WARN_ENUM_CONVERSION = YES;
				CLANG_WARN_INT_CONVERSION = YES;
				CLANG_WARN_OBJC_ROOT_CLASS = YES_ERROR;
				CLANG_WARN_UNREACHABLE_CODE = YES;
				CLANG_WARN__DUPLICATE_METHOD_MATCH = YES;
				"CODE_SIGN_IDENTITY[sdk=iphoneos*]" = "iPhone Developer";
				COPY_PHASE_STRIP = NO;
				DEBUG_INFORMATION_FORMAT = dwarf;
				ENABLE_STRICT_OBJC_MSGSEND = YES;
				ENABLE_TESTABILITY = YES;
				GCC_C_LANGUAGE_STANDARD = gnu99;
				GCC_DYNAMIC_NO_PIC = NO;
				GCC_NO_COMMON_BLOCKS = YES;
				GCC_OPTIMIZATION_LEVEL = 0;
				GCC_PREPROCESSOR_DEFINITIONS = (
					"DEBUG=1",
					"$(inherited)",
				);
				GCC_WARN_64_TO_32_BIT_CONVERSION = YES;
				GCC_WARN_ABOUT_RETURN_TYPE = YES_ERROR;
				GCC_WARN_UNDECLARED_SELECTOR = YES;
				GCC_WARN_UNINITIALIZED_AUTOS = YES_AGGRESSIVE;
				GCC_WARN_UNUSED_FUNCTION = YES;
				GCC_WARN_UNUSED_VARIABLE = YES;
				IPHONEOS_DEPLOYMENT_TARGET = 9.3;
				MTL_ENABLE_DEBUG_INFO = YES;
				ONLY_ACTIVE_ARCH = YES;
				SDKROOT = iphoneos;
			};
			name = Debug;
		};
		CDB5038A1D918F5900FC1852 /* Release */ = {
			isa = XCBuildConfiguration;
			buildSettings = {
				ALWAYS_SEARCH_USER_PATHS = NO;
				CLANG_ANALYZER_NONNULL = YES;
				CLANG_CXX_LANGUAGE_STANDARD = "gnu++0x";
				CLANG_CXX_LIBRARY = "libc++";
				CLANG_ENABLE_MODULES = YES;
				CLANG_ENABLE_OBJC_ARC = YES;
				CLANG_WARN_BOOL_CONVERSION = YES;
				CLANG_WARN_CONSTANT_CONVERSION = YES;
				CLANG_WARN_DIRECT_OBJC_ISA_USAGE = YES_ERROR;
				CLANG_WARN_EMPTY_BODY = YES;
				CLANG_WARN_ENUM_CONVERSION = YES;
				CLANG_WARN_INT_CONVERSION = YES;
				CLANG_WARN_OBJC_ROOT_CLASS = YES_ERROR;
				CLANG_WARN_UNREACHABLE_CODE = YES;
				CLANG_WARN__DUPLICATE_METHOD_MATCH = YES;
				"CODE_SIGN_IDENTITY[sdk=iphoneos*]" = "iPhone Developer";
				COPY_PHASE_STRIP = NO;
				DEBUG_INFORMATION_FORMAT = "dwarf-with-dsym";
				ENABLE_NS_ASSERTIONS = NO;
				ENABLE_STRICT_OBJC_MSGSEND = YES;
				GCC_C_LANGUAGE_STANDARD = gnu99;
				GCC_NO_COMMON_BLOCKS = YES;
				GCC_WARN_64_TO_32_BIT_CONVERSION = YES;
				GCC_WARN_ABOUT_RETURN_TYPE = YES_ERROR;
				GCC_WARN_UNDECLARED_SELECTOR = YES;
				GCC_WARN_UNINITIALIZED_AUTOS = YES_AGGRESSIVE;
				GCC_WARN_UNUSED_FUNCTION = YES;
				GCC_WARN_UNUSED_VARIABLE = YES;
				IPHONEOS_DEPLOYMENT_TARGET = 9.3;
				MTL_ENABLE_DEBUG_INFO = NO;
				SDKROOT = iphoneos;
				VALIDATE_PRODUCT = YES;
			};
			name = Release;
		};
		CDB5038C1D918F5900FC1852 /* Debug */ = {
			isa = XCBuildConfiguration;
			buildSettings = {
				ASSETCATALOG_COMPILER_APPICON_NAME = AppIcon;
				INFOPLIST_FILE = ZJSpeedTestDemo/Info.plist;
				LD_RUNPATH_SEARCH_PATHS = "$(inherited) @executable_path/Frameworks";
				PRODUCT_BUNDLE_IDENTIFIER = OneByte.ZJSpeedTest.ZJSpeedTestDemo;
				PRODUCT_NAME = "$(TARGET_NAME)";
			};
			name = Debug;
		};
		CDB5038D1D918F5900FC1852 /* Release */ = {
			isa = XCBuildConfiguration;
			buildSettings = {
				ASSETCATALOG_COMPILER_APPICON_NAME = AppIcon;
				INFOPLIST_FILE = ZJSpeedTestDemo/Info.plist;
				LD_RUNPATH_SEARCH_PATHS = "$(inherited) @executable_path/Frameworks";
				PRODUCT_BUNDLE_IDENTIFIER = OneByte.ZJSpeedTest.ZJSpeedTestDemo;
				PRODUCT_NAME = "$(TARGET_NAME)";
			};
			name = Release;
		};
		CDB5038F1D918F5900FC1852 /* Debug */ = {
			isa = XCBuildConfiguration;
			buildSettings = {
				BUNDLE_LOADER = "$(TEST_HOST)";
				INFOPLIST_FILE = ZJSpeedTestDemoTests/Info.plist;
				LD_RUNPATH_SEARCH_PATHS = "$(inherited) @executable_path/Frameworks @loader_path/Frameworks";
				PRODUCT_BUNDLE_IDENTIFIER = OneByte.ZJSpeedTest.ZJSpeedTestDemoTests;
				PRODUCT_NAME = "$(TARGET_NAME)";
				TEST_HOST = "$(BUILT_PRODUCTS_DIR)/ZJSpeedTestDemo.app/ZJSpeedTestDemo";
			};
			name = Debug;
		};
		CDB503901D918F5900FC1852 /* Release */ = {
			isa = XCBuildConfiguration;
			buildSettings = {
				BUNDLE_LOADER = "$(TEST_HOST)";
				INFOPLIST_FILE = ZJSpeedTestDemoTests/Info.plist;
				LD_RUNPATH_SEARCH_PATHS = "$(inherited) @executable_path/Frameworks @loader_path/Frameworks";
				PRODUCT_BUNDLE_IDENTIFIER = OneByte.ZJSpeedTest.ZJSpeedTestDemoTests;
				PRODUCT_NAME = "$(TARGET_NAME)";
				TEST_HOST = "$(BUILT_PRODUCTS_DIR)/ZJSpeedTestDemo.app/ZJSpeedTestDemo";
			};
			name = Release;
		};
/* End XCBuildConfiguration section */

/* Begin XCConfigurationList section */
		CDB503641D918F5900FC1852 /* Build configuration list for PBXProject "ZJSpeedTestDemo" */ = {
			isa = XCConfigurationList;
			buildConfigurations = (
				CDB503891D918F5900FC1852 /* Debug */,
				CDB5038A1D918F5900FC1852 /* Release */,
			);
			defaultConfigurationIsVisible = 0;
			defaultConfigurationName = Release;
		};
		CDB5038B1D918F5900FC1852 /* Build configuration list for PBXNativeTarget "ZJSpeedTestDemo" */ = {
			isa = XCConfigurationList;
			buildConfigurations = (
				CDB5038C1D918F5900FC1852 /* Debug */,
				CDB5038D1D918F5900FC1852 /* Release */,
			);
			defaultConfigurationIsVisible = 0;
		};
		CDB5038E1D918F5900FC1852 /* Build configuration list for PBXNativeTarget "ZJSpeedTestDemoTests" */ = {
			isa = XCConfigurationList;
			buildConfigurations = (
				CDB5038F1D918F5900FC1852 /* Debug */,
				CDB503901D918F5900FC1852 /* Release */,
			);
			defaultConfigurationIsVisible = 0;
		};
/* End XCConfigurationList section */
	};
	rootObject = CDB503611D918F5900FC1852 /* Project object */;
}
